
Microsoft Visual Studio Solution File, Format Version 12.00
# Visual Studio 15
VisualStudioVersion = 15.0.28307.168
MinimumVisualStudioVersion = 10.0.40219.1
Project("{FAE04EC0-301F-11D3-BF4B-00C04F79EFBC}") = "DataAccess", "DataAccess\DataAccess.csproj", "{FD006531-0F0B-44B3-A0A0-822CF5806F1D}"
EndProject
Project("{FAE04EC0-301F-11D3-BF4B-00C04F79EFBC}") = "DataAccess.Tests", "DataAccess.Tests\DataAccess.Tests.csproj", "{C03E7249-ACF5-4415-AB7D-F0511891948A}"
EndProject
Global
	GlobalSection(SolutionConfigurationPlatforms) = preSolution
		Debug|Any CPU = Debug|Any CPU
		Release|Any CPU = Release|Any CPU
	EndGlobalSection
	GlobalSection(ProjectConfigurationPlatforms) = postSolution
		{FD006531-0F0B-44B3-A0A0-822CF5806F1D}.Debug|Any CPU.ActiveCfg = Debug|Any CPU
		{FD006531-0F0B-44B3-A0A0-822CF5806F1D}.Debug|Any CPU.Build.0 = Debug|Any CPU
		{FD006531-0F0B-44B3-A0A0-822CF5806F1D}.Release|Any CPU.ActiveCfg = Release|Any CPU
		{FD006531-0F0B-44B3-A0A0-822CF5806F1D}.Release|Any CPU.Build.0 = Release|Any CPU
		{C03E7249-ACF5-4415-AB7D-F0511891948A}.Debug|Any CPU.ActiveCfg = Debug|Any CPU
		{C03E7249-ACF5-4415-AB7D-F0511891948A}.Debug|Any CPU.Build.0 = Debug|Any CPU
		{C03E7249-ACF5-4415-AB7D-F0511891948A}.Release|Any CPU.ActiveCfg = Release|Any CPU
		{C03E7249-ACF5-4415-AB7D-F0511891948A}.Release|Any CPU.Build.0 = Release|Any CPU
	EndGlobalSection
	GlobalSection(SolutionProperties) = preSolution
		HideSolutionNode = FALSE
	EndGlobalSection
	GlobalSection(ExtensibilityGlobals) = postSolution
		SolutionGuid = {E962B625-56E4-4609-9B3C-63A7036CFC60}
	EndGlobalSection
EndGlobal
